
Microsoft Visual Studio Solution File, Format Version 12.00
# Visual Studio 15
VisualStudioVersion = 15.0.28307.1022
MinimumVisualStudioVersion = 10.0.40219.1
Project("{FAE04EC0-301F-11D3-BF4B-00C04F79EFBC}") = "Proc", "Proc\Proc.csproj", "{F35BD85A-40FF-4B70-AD2C-BDED463EE453}"
EndProject
Project("{FAE04EC0-301F-11D3-BF4B-00C04F79EFBC}") = "Tests", "Tests\Tests.csproj", "{BA4CA3A0-E19D-41CE-8A2F-5A0DDD32A42A}"
EndProject
Global
	GlobalSection(SolutionConfigurationPlatforms) = preSolution
		Debug|Any CPU = Debug|Any CPU
		Release|Any CPU = Release|Any CPU
	EndGlobalSection
	GlobalSection(ProjectConfigurationPlatforms) = postSolution
		{F35BD85A-40FF-4B70-AD2C-BDED463EE453}.Debug|Any CPU.ActiveCfg = Debug|Any CPU
		{F35BD85A-40FF-4B70-AD2C-BDED463EE453}.Debug|Any CPU.Build.0 = Debug|Any CPU
		{F35BD85A-40FF-4B70-AD2C-BDED463EE453}.Release|Any CPU.ActiveCfg = Release|Any CPU
		{F35BD85A-40FF-4B70-AD2C-BDED463EE453}.Release|Any CPU.Build.0 = Release|Any CPU
		{BA4CA3A0-E19D-41CE-8A2F-5A0DDD32A42A}.Debug|Any CPU.ActiveCfg = Debug|Any CPU
		{BA4CA3A0-E19D-41CE-8A2F-5A0DDD32A42A}.Debug|Any CPU.Build.0 = Debug|Any CPU
		{BA4CA3A0-E19D-41CE-8A2F-5A0DDD32A42A}.Release|Any CPU.ActiveCfg = Release|Any CPU
		{BA4CA3A0-E19D-41CE-8A2F-5A0DDD32A42A}.Release|Any CPU.Build.0 = Release|Any CPU
	EndGlobalSection
	GlobalSection(SolutionProperties) = preSolution
		HideSolutionNode = FALSE
	EndGlobalSection
	GlobalSection(ExtensibilityGlobals) = postSolution
		SolutionGuid = {14C54332-E3BA-4200-AEDD-DF5D47D40216}
	EndGlobalSection
EndGlobal
